
Microsoft Visual Studio Solution File, Format Version 12.00
# Visual Studio Version 17
VisualStudioVersion = 17.6.33815.320
MinimumVisualStudioVersion = 10.0.40219.1
Project("{8BC9CEB8-8B4A-11D0-8D11-00A0C91BC942}") = "NeuGame", "Source\Game\NeuGame\NeuGame.vcxproj", "{8F146F43-79D5-4D0B-9888-03AA49EB9D97}"
EndProject
Project("{8BC9CEB8-8B4A-11D0-8D11-00A0C91BC942}") = "Framework", "Source\Engine\Framework\Framework.vcxproj", "{C4303C96-5DCE-47B3-8573-12739C63FE55}"
EndProject
Project("{2150E333-8FDC-42A3-9474-1A3956D46DE8}") = "Engine", "Engine", "{FB3810D4-EB49-46AC-A0BD-5464B8B184AE}"
EndProject
Project("{2150E333-8FDC-42A3-9474-1A3956D46DE8}") = "Game", "Game", "{4520B8B8-3376-445D-9B2C-22461890FB3C}"
EndProject
Project("{8BC9CEB8-8B4A-11D0-8D11-00A0C91BC942}") = "Core", "Source\Engine\Core\Core.vcxproj", "{1637DC42-0BFF-47FA-9AF9-C700ADEBD680}"
EndProject
Project("{8BC9CEB8-8B4A-11D0-8D11-00A0C91BC942}") = "Audio", "Source\Engine\Audio\Audio.vcxproj", "{0A05C4B6-3087-49B7-BE49-9F06A9305377}"
EndProject
Project("{8BC9CEB8-8B4A-11D0-8D11-00A0C91BC942}") = "Input", "Source\Engine\Input\Input.vcxproj", "{17F628A0-BC74-474F-8D21-E620C0DCBB75}"
EndProject
Project("{8BC9CEB8-8B4A-11D0-8D11-00A0C91BC942}") = "Renderer", "Source\Engine\Renderer\Renderer.vcxproj", "{95E5F5CC-222C-4AE4-9D49-50EF8CCBB4F0}"
EndProject
Global
	GlobalSection(SolutionConfigurationPlatforms) = preSolution
		Debug|x64 = Debug|x64
		Debug|x86 = Debug|x86
		Release|x64 = Release|x64
		Release|x86 = Release|x86
	EndGlobalSection
	GlobalSection(ProjectConfigurationPlatforms) = postSolution
		{8F146F43-79D5-4D0B-9888-03AA49EB9D97}.Debug|x64.ActiveCfg = Debug|x64
		{8F146F43-79D5-4D0B-9888-03AA49EB9D97}.Debug|x64.Build.0 = Debug|x64
		{8F146F43-79D5-4D0B-9888-03AA49EB9D97}.Debug|x86.ActiveCfg = Debug|Win32
		{8F146F43-79D5-4D0B-9888-03AA49EB9D97}.Debug|x86.Build.0 = Debug|Win32
		{8F146F43-79D5-4D0B-9888-03AA49EB9D97}.Release|x64.ActiveCfg = Release|x64
		{8F146F43-79D5-4D0B-9888-03AA49EB9D97}.Release|x64.Build.0 = Release|x64
		{8F146F43-79D5-4D0B-9888-03AA49EB9D97}.Release|x86.ActiveCfg = Release|Win32
		{8F146F43-79D5-4D0B-9888-03AA49EB9D97}.Release|x86.Build.0 = Release|Win32
		{C4303C96-5DCE-47B3-8573-12739C63FE55}.Debug|x64.ActiveCfg = Debug|x64
		{C4303C96-5DCE-47B3-8573-12739C63FE55}.Debug|x64.Build.0 = Debug|x64
		{C4303C96-5DCE-47B3-8573-12739C63FE55}.Debug|x86.ActiveCfg = Debug|Win32
		{C4303C96-5DCE-47B3-8573-12739C63FE55}.Debug|x86.Build.0 = Debug|Win32
		{C4303C96-5DCE-47B3-8573-12739C63FE55}.Release|x64.ActiveCfg = Release|x64
		{C4303C96-5DCE-47B3-8573-12739C63FE55}.Release|x64.Build.0 = Release|x64
		{C4303C96-5DCE-47B3-8573-12739C63FE55}.Release|x86.ActiveCfg = Release|Win32
		{C4303C96-5DCE-47B3-8573-12739C63FE55}.Release|x86.Build.0 = Release|Win32
		{1637DC42-0BFF-47FA-9AF9-C700ADEBD680}.Debug|x64.ActiveCfg = Debug|x64
		{1637DC42-0BFF-47FA-9AF9-C700ADEBD680}.Debug|x64.Build.0 = Debug|x64
		{1637DC42-0BFF-47FA-9AF9-C700ADEBD680}.Debug|x86.ActiveCfg = Debug|Win32
		{1637DC42-0BFF-47FA-9AF9-C700ADEBD680}.Debug|x86.Build.0 = Debug|Win32
		{1637DC42-0BFF-47FA-9AF9-C700ADEBD680}.Release|x64.ActiveCfg = Release|x64
		{1637DC42-0BFF-47FA-9AF9-C700ADEBD680}.Release|x64.Build.0 = Release|x64
		{1637DC42-0BFF-47FA-9AF9-C700ADEBD680}.Release|x86.ActiveCfg = Release|Win32
		{1637DC42-0BFF-47FA-9AF9-C700ADEBD680}.Release|x86.Build.0 = Release|Win32
		{0A05C4B6-3087-49B7-BE49-9F06A9305377}.Debug|x64.ActiveCfg = Debug|x64
		{0A05C4B6-3087-49B7-BE49-9F06A9305377}.Debug|x64.Build.0 = Debug|x64
		{0A05C4B6-3087-49B7-BE49-9F06A9305377}.Debug|x86.ActiveCfg = Debug|Win32
		{0A05C4B6-3087-49B7-BE49-9F06A9305377}.Debug|x86.Build.0 = Debug|Win32
		{0A05C4B6-3087-49B7-BE49-9F06A9305377}.Release|x64.ActiveCfg = Release|x64
		{0A05C4B6-3087-49B7-BE49-9F06A9305377}.Release|x64.Build.0 = Release|x64
		{0A05C4B6-3087-49B7-BE49-9F06A9305377}.Release|x86.ActiveCfg = Release|Win32
		{0A05C4B6-3087-49B7-BE49-9F06A9305377}.Release|x86.Build.0 = Release|Win32
		{17F628A0-BC74-474F-8D21-E620C0DCBB75}.Debug|x64.ActiveCfg = Debug|x64
		{17F628A0-BC74-474F-8D21-E620C0DCBB75}.Debug|x64.Build.0 = Debug|x64
		{17F628A0-BC74-474F-8D21-E620C0DCBB75}.Debug|x86.ActiveCfg = Debug|Win32
		{17F628A0-BC74-474F-8D21-E620C0DCBB75}.Debug|x86.Build.0 = Debug|Win32
		{17F628A0-BC74-474F-8D21-E620C0DCBB75}.Release|x64.ActiveCfg = Release|x64
		{17F628A0-BC74-474F-8D21-E620C0DCBB75}.Release|x64.Build.0 = Release|x64
		{17F628A0-BC74-474F-8D21-E620C0DCBB75}.Release|x86.ActiveCfg = Release|Win32
		{17F628A0-BC74-474F-8D21-E620C0DCBB75}.Release|x86.Build.0 = Release|Win32
		{95E5F5CC-222C-4AE4-9D49-50EF8CCBB4F0}.Debug|x64.ActiveCfg = Debug|x64
		{95E5F5CC-222C-4AE4-9D49-50EF8CCBB4F0}.Debug|x64.Build.0 = Debug|x64
		{95E5F5CC-222C-4AE4-9D49-50EF8CCBB4F0}.Debug|x86.ActiveCfg = Debug|Win32
		{95E5F5CC-222C-4AE4-9D49-50EF8CCBB4F0}.Debug|x86.Build.0 = Debug|Win32
		{95E5F5CC-222C-4AE4-9D49-50EF8CCBB4F0}.Release|x64.ActiveCfg = Release|x64
		{95E5F5CC-222C-4AE4-9D49-50EF8CCBB4F0}.Release|x64.Build.0 = Release|x64
		{95E5F5CC-222C-4AE4-9D49-50EF8CCBB4F0}.Release|x86.ActiveCfg = Release|Win32
		{95E5F5CC-222C-4AE4-9D49-50EF8CCBB4F0}.Release|x86.Build.0 = Release|Win32
	EndGlobalSection
	GlobalSection(SolutionProperties) = preSolution
		HideSolutionNode = FALSE
	EndGlobalSection
	GlobalSection(NestedProjects) = preSolution
		{8F146F43-79D5-4D0B-9888-03AA49EB9D97} = {4520B8B8-3376-445D-9B2C-22461890FB3C}
		{C4303C96-5DCE-47B3-8573-12739C63FE55} = {FB3810D4-EB49-46AC-A0BD-5464B8B184AE}
		{1637DC42-0BFF-47FA-9AF9-C700ADEBD680} = {FB3810D4-EB49-46AC-A0BD-5464B8B184AE}
		{0A05C4B6-3087-49B7-BE49-9F06A9305377} = {FB3810D4-EB49-46AC-A0BD-5464B8B184AE}
		{17F628A0-BC74-474F-8D21-E620C0DCBB75} = {FB3810D4-EB49-46AC-A0BD-5464B8B184AE}
		{95E5F5CC-222C-4AE4-9D49-50EF8CCBB4F0} = {FB3810D4-EB49-46AC-A0BD-5464B8B184AE}
	EndGlobalSection
	GlobalSection(ExtensibilityGlobals) = postSolution
		SolutionGuid = {CEB45470-6523-449F-B28F-89183A65B4CE}
	EndGlobalSection
EndGlobal
